
Microsoft Visual Studio Solution File, Format Version 12.00
# Visual Studio 14
VisualStudioVersion = 14.0.25420.1
MinimumVisualStudioVersion = 10.0.40219.1
Project("{FAE04EC0-301F-11D3-BF4B-00C04F79EFBC}") = "XamarinGraphSample", "XamarinGraphSample\XamarinGraphSample\XamarinGraphSample.csproj", "{4EC23CE3-11B6-4F8E-BEA7-3C65D7AB1F40}"
EndProject
Project("{FAE04EC0-301F-11D3-BF4B-00C04F79EFBC}") = "XamarinGraphSample.Droid", "XamarinGraphSample\XamarinGraphSample.Droid\XamarinGraphSample.Droid.csproj", "{FAF4397D-075C-4FC9-ADE7-B03A9E60F60E}"
EndProject
Project("{FAE04EC0-301F-11D3-BF4B-00C04F79EFBC}") = "XamarinGraphSample.iOS", "XamarinGraphSample\XamarinGraphSample.iOS\XamarinGraphSample.iOS.csproj", "{81D93902-B645-4006-8885-C17557EAADA5}"
EndProject
Project("{FAE04EC0-301F-11D3-BF4B-00C04F79EFBC}") = "XamarinGraphSample.UWP", "XamarinGraphSample\XamarinGraphSample.UWP\XamarinGraphSample.UWP.csproj", "{19254CCB-A14B-49DE-8226-C082667219DB}"
EndProject
Global
	GlobalSection(SolutionConfigurationPlatforms) = preSolution
		Ad-Hoc|Any CPU = Ad-Hoc|Any CPU
		Ad-Hoc|ARM = Ad-Hoc|ARM
		Ad-Hoc|iPhone = Ad-Hoc|iPhone
		Ad-Hoc|iPhoneSimulator = Ad-Hoc|iPhoneSimulator
		Ad-Hoc|x64 = Ad-Hoc|x64
		Ad-Hoc|x86 = Ad-Hoc|x86
		AppStore|Any CPU = AppStore|Any CPU
		AppStore|ARM = AppStore|ARM
		AppStore|iPhone = AppStore|iPhone
		AppStore|iPhoneSimulator = AppStore|iPhoneSimulator
		AppStore|x64 = AppStore|x64
		AppStore|x86 = AppStore|x86
		Debug|Any CPU = Debug|Any CPU
		Debug|ARM = Debug|ARM
		Debug|iPhone = Debug|iPhone
		Debug|iPhoneSimulator = Debug|iPhoneSimulator
		Debug|x64 = Debug|x64
		Debug|x86 = Debug|x86
		Release|Any CPU = Release|Any CPU
		Release|ARM = Release|ARM
		Release|iPhone = Release|iPhone
		Release|iPhoneSimulator = Release|iPhoneSimulator
		Release|x64 = Release|x64
		Release|x86 = Release|x86
	EndGlobalSection
	GlobalSection(ProjectConfigurationPlatforms) = postSolution
		{4EC23CE3-11B6-4F8E-BEA7-3C65D7AB1F40}.Ad-Hoc|Any CPU.ActiveCfg = Release|Any CPU
		{4EC23CE3-11B6-4F8E-BEA7-3C65D7AB1F40}.Ad-Hoc|Any CPU.Build.0 = Release|Any CPU
		{4EC23CE3-11B6-4F8E-BEA7-3C65D7AB1F40}.Ad-Hoc|ARM.ActiveCfg = Release|Any CPU
		{4EC23CE3-11B6-4F8E-BEA7-3C65D7AB1F40}.Ad-Hoc|ARM.Build.0 = Release|Any CPU
		{4EC23CE3-11B6-4F8E-BEA7-3C65D7AB1F40}.Ad-Hoc|iPhone.ActiveCfg = Release|Any CPU
		{4EC23CE3-11B6-4F8E-BEA7-3C65D7AB1F40}.Ad-Hoc|iPhone.Build.0 = Release|Any CPU
		{4EC23CE3-11B6-4F8E-BEA7-3C65D7AB1F40}.Ad-Hoc|iPhoneSimulator.ActiveCfg = Release|Any CPU
		{4EC23CE3-11B6-4F8E-BEA7-3C65D7AB1F40}.Ad-Hoc|iPhoneSimulator.Build.0 = Release|Any CPU
		{4EC23CE3-11B6-4F8E-BEA7-3C65D7AB1F40}.Ad-Hoc|x64.ActiveCfg = Release|Any CPU
		{4EC23CE3-11B6-4F8E-BEA7-3C65D7AB1F40}.Ad-Hoc|x64.Build.0 = Release|Any CPU
		{4EC23CE3-11B6-4F8E-BEA7-3C65D7AB1F40}.Ad-Hoc|x86.ActiveCfg = Release|Any CPU
		{4EC23CE3-11B6-4F8E-BEA7-3C65D7AB1F40}.Ad-Hoc|x86.Build.0 = Release|Any CPU
		{4EC23CE3-11B6-4F8E-BEA7-3C65D7AB1F40}.AppStore|Any CPU.ActiveCfg = Release|Any CPU
		{4EC23CE3-11B6-4F8E-BEA7-3C65D7AB1F40}.AppStore|Any CPU.Build.0 = Release|Any CPU
		{4EC23CE3-11B6-4F8E-BEA7-3C65D7AB1F40}.AppStore|ARM.ActiveCfg = Release|Any CPU
		{4EC23CE3-11B6-4F8E-BEA7-3C65D7AB1F40}.AppStore|ARM.Build.0 = Release|Any CPU
		{4EC23CE3-11B6-4F8E-BEA7-3C65D7AB1F40}.AppStore|iPhone.ActiveCfg = Release|Any CPU
		{4EC23CE3-11B6-4F8E-BEA7-3C65D7AB1F40}.AppStore|iPhone.Build.0 = Release|Any CPU
		{4EC23CE3-11B6-4F8E-BEA7-3C65D7AB1F40}.AppStore|iPhoneSimulator.ActiveCfg = Release|Any CPU
		{4EC23CE3-11B6-4F8E-BEA7-3C65D7AB1F40}.AppStore|iPhoneSimulator.Build.0 = Release|Any CPU
		{4EC23CE3-11B6-4F8E-BEA7-3C65D7AB1F40}.AppStore|x64.ActiveCfg = Release|Any CPU
		{4EC23CE3-11B6-4F8E-BEA7-3C65D7AB1F40}.AppStore|x64.Build.0 = Release|Any CPU
		{4EC23CE3-11B6-4F8E-BEA7-3C65D7AB1F40}.AppStore|x86.ActiveCfg = Release|Any CPU
		{4EC23CE3-11B6-4F8E-BEA7-3C65D7AB1F40}.AppStore|x86.Build.0 = Release|Any CPU
		{4EC23CE3-11B6-4F8E-BEA7-3C65D7AB1F40}.Debug|Any CPU.ActiveCfg = Debug|Any CPU
		{4EC23CE3-11B6-4F8E-BEA7-3C65D7AB1F40}.Debug|Any CPU.Build.0 = Debug|Any CPU
		{4EC23CE3-11B6-4F8E-BEA7-3C65D7AB1F40}.Debug|ARM.ActiveCfg = Debug|Any CPU
		{4EC23CE3-11B6-4F8E-BEA7-3C65D7AB1F40}.Debug|ARM.Build.0 = Debug|Any CPU
		{4EC23CE3-11B6-4F8E-BEA7-3C65D7AB1F40}.Debug|iPhone.ActiveCfg = Debug|Any CPU
		{4EC23CE3-11B6-4F8E-BEA7-3C65D7AB1F40}.Debug|iPhone.Build.0 = Debug|Any CPU
		{4EC23CE3-11B6-4F8E-BEA7-3C65D7AB1F40}.Debug|iPhoneSimulator.ActiveCfg = Debug|Any CPU
		{4EC23CE3-11B6-4F8E-BEA7-3C65D7AB1F40}.Debug|iPhoneSimulator.Build.0 = Debug|Any CPU
		{4EC23CE3-11B6-4F8E-BEA7-3C65D7AB1F40}.Debug|x64.ActiveCfg = Debug|Any CPU
		{4EC23CE3-11B6-4F8E-BEA7-3C65D7AB1F40}.Debug|x64.Build.0 = Debug|Any CPU
		{4EC23CE3-11B6-4F8E-BEA7-3C65D7AB1F40}.Debug|x86.ActiveCfg = Debug|Any CPU
		{4EC23CE3-11B6-4F8E-BEA7-3C65D7AB1F40}.Debug|x86.Build.0 = Debug|Any CPU
		{4EC23CE3-11B6-4F8E-BEA7-3C65D7AB1F40}.Release|Any CPU.ActiveCfg = Release|Any CPU
		{4EC23CE3-11B6-4F8E-BEA7-3C65D7AB1F40}.Release|Any CPU.Build.0 = Release|Any CPU
		{4EC23CE3-11B6-4F8E-BEA7-3C65D7AB1F40}.Release|ARM.ActiveCfg = Release|Any CPU
		{4EC23CE3-11B6-4F8E-BEA7-3C65D7AB1F40}.Release|ARM.Build.0 = Release|Any CPU
		{4EC23CE3-11B6-4F8E-BEA7-3C65D7AB1F40}.Release|iPhone.ActiveCfg = Release|Any CPU
		{4EC23CE3-11B6-4F8E-BEA7-3C65D7AB1F40}.Release|iPhone.Build.0 = Release|Any CPU
		{4EC23CE3-11B6-4F8E-BEA7-3C65D7AB1F40}.Release|iPhoneSimulator.ActiveCfg = Release|Any CPU
		{4EC23CE3-11B6-4F8E-BEA7-3C65D7AB1F40}.Release|iPhoneSimulator.Build.0 = Release|Any CPU
		{4EC23CE3-11B6-4F8E-BEA7-3C65D7AB1F40}.Release|x64.ActiveCfg = Release|Any CPU
		{4EC23CE3-11B6-4F8E-BEA7-3C65D7AB1F40}.Release|x64.Build.0 = Release|Any CPU
		{4EC23CE3-11B6-4F8E-BEA7-3C65D7AB1F40}.Release|x86.ActiveCfg = Release|Any CPU
		{4EC23CE3-11B6-4F8E-BEA7-3C65D7AB1F40}.Release|x86.Build.0 = Release|Any CPU
		{FAF4397D-075C-4FC9-ADE7-B03A9E60F60E}.Ad-Hoc|Any CPU.ActiveCfg = Release|Any CPU
		{FAF4397D-075C-4FC9-ADE7-B03A9E60F60E}.Ad-Hoc|Any CPU.Build.0 = Release|Any CPU
		{FAF4397D-075C-4FC9-ADE7-B03A9E60F60E}.Ad-Hoc|Any CPU.Deploy.0 = Release|Any CPU
		{FAF4397D-075C-4FC9-ADE7-B03A9E60F60E}.Ad-Hoc|ARM.ActiveCfg = Release|Any CPU
		{FAF4397D-075C-4FC9-ADE7-B03A9E60F60E}.Ad-Hoc|ARM.Build.0 = Release|Any CPU
		{FAF4397D-075C-4FC9-ADE7-B03A9E60F60E}.Ad-Hoc|ARM.Deploy.0 = Release|Any CPU
		{FAF4397D-075C-4FC9-ADE7-B03A9E60F60E}.Ad-Hoc|iPhone.ActiveCfg = Release|Any CPU
		{FAF4397D-075C-4FC9-ADE7-B03A9E60F60E}.Ad-Hoc|iPhone.Build.0 = Release|Any CPU
		{FAF4397D-075C-4FC9-ADE7-B03A9E60F60E}.Ad-Hoc|iPhone.Deploy.0 = Release|Any CPU
		{FAF4397D-075C-4FC9-ADE7-B03A9E60F60E}.Ad-Hoc|iPhoneSimulator.ActiveCfg = Release|Any CPU
		{FAF4397D-075C-4FC9-ADE7-B03A9E60F60E}.Ad-Hoc|iPhoneSimulator.Build.0 = Release|Any CPU
		{FAF4397D-075C-4FC9-ADE7-B03A9E60F60E}.Ad-Hoc|iPhoneSimulator.Deploy.0 = Release|Any CPU
		{FAF4397D-075C-4FC9-ADE7-B03A9E60F60E}.Ad-Hoc|x64.ActiveCfg = Release|Any CPU
		{FAF4397D-075C-4FC9-ADE7-B03A9E60F60E}.Ad-Hoc|x64.Build.0 = Release|Any CPU
		{FAF4397D-075C-4FC9-ADE7-B03A9E60F60E}.Ad-Hoc|x64.Deploy.0 = Release|Any CPU
		{FAF4397D-075C-4FC9-ADE7-B03A9E60F60E}.Ad-Hoc|x86.ActiveCfg = Release|Any CPU
		{FAF4397D-075C-4FC9-ADE7-B03A9E60F60E}.Ad-Hoc|x86.Build.0 = Release|Any CPU
		{FAF4397D-075C-4FC9-ADE7-B03A9E60F60E}.Ad-Hoc|x86.Deploy.0 = Release|Any CPU
		{FAF4397D-075C-4FC9-ADE7-B03A9E60F60E}.AppStore|Any CPU.ActiveCfg = Release|Any CPU
		{FAF4397D-075C-4FC9-ADE7-B03A9E60F60E}.AppStore|Any CPU.Build.0 = Release|Any CPU
		{FAF4397D-075C-4FC9-ADE7-B03A9E60F60E}.AppStore|Any CPU.Deploy.0 = Release|Any CPU
		{FAF4397D-075C-4FC9-ADE7-B03A9E60F60E}.AppStore|ARM.ActiveCfg = Release|Any CPU
		{FAF4397D-075C-4FC9-ADE7-B03A9E60F60E}.AppStore|ARM.Build.0 = Release|Any CPU
		{FAF4397D-075C-4FC9-ADE7-B03A9E60F60E}.AppStore|ARM.Deploy.0 = Release|Any CPU
		{FAF4397D-075C-4FC9-ADE7-B03A9E60F60E}.AppStore|iPhone.ActiveCfg = Release|Any CPU
		{FAF4397D-075C-4FC9-ADE7-B03A9E60F60E}.AppStore|iPhone.Build.0 = Release|Any CPU
		{FAF4397D-075C-4FC9-ADE7-B03A9E60F60E}.AppStore|iPhone.Deploy.0 = Release|Any CPU
		{FAF4397D-075C-4FC9-ADE7-B03A9E60F60E}.AppStore|iPhoneSimulator.ActiveCfg = Release|Any CPU
		{FAF4397D-075C-4FC9-ADE7-B03A9E60F60E}.AppStore|iPhoneSimulator.Build.0 = Release|Any CPU
		{FAF4397D-075C-4FC9-ADE7-B03A9E60F60E}.AppStore|iPhoneSimulator.Deploy.0 = Release|Any CPU
		{FAF4397D-075C-4FC9-ADE7-B03A9E60F60E}.AppStore|x64.ActiveCfg = Release|Any CPU
		{FAF4397D-075C-4FC9-ADE7-B03A9E60F60E}.AppStore|x64.Build.0 = Release|Any CPU
		{FAF4397D-075C-4FC9-ADE7-B03A9E60F60E}.AppStore|x64.Deploy.0 = Release|Any CPU
		{FAF4397D-075C-4FC9-ADE7-B03A9E60F60E}.AppStore|x86.ActiveCfg = Release|Any CPU
		{FAF4397D-075C-4FC9-ADE7-B03A9E60F60E}.AppStore|x86.Build.0 = Release|Any CPU
		{FAF4397D-075C-4FC9-ADE7-B03A9E60F60E}.AppStore|x86.Deploy.0 = Release|Any CPU
		{FAF4397D-075C-4FC9-ADE7-B03A9E60F60E}.Debug|Any CPU.ActiveCfg = Debug|Any CPU
		{FAF4397D-075C-4FC9-ADE7-B03A9E60F60E}.Debug|Any CPU.Build.0 = Debug|Any CPU
		{FAF4397D-075C-4FC9-ADE7-B03A9E60F60E}.Debug|Any CPU.Deploy.0 = Debug|Any CPU
		{FAF4397D-075C-4FC9-ADE7-B03A9E60F60E}.Debug|ARM.ActiveCfg = Debug|Any CPU
		{FAF4397D-075C-4FC9-ADE7-B03A9E60F60E}.Debug|ARM.Build.0 = Debug|Any CPU
		{FAF4397D-075C-4FC9-ADE7-B03A9E60F60E}.Debug|ARM.Deploy.0 = Debug|Any CPU
		{FAF4397D-075C-4FC9-ADE7-B03A9E60F60E}.Debug|iPhone.ActiveCfg = Debug|Any CPU
		{FAF4397D-075C-4FC9-ADE7-B03A9E60F60E}.Debug|iPhone.Build.0 = Debug|Any CPU
		{FAF4397D-075C-4FC9-ADE7-B03A9E60F60E}.Debug|iPhone.Deploy.0 = Debug|Any CPU
		{FAF4397D-075C-4FC9-ADE7-B03A9E60F60E}.Debug|iPhoneSimulator.ActiveCfg = Debug|Any CPU
		{FAF4397D-075C-4FC9-ADE7-B03A9E60F60E}.Debug|iPhoneSimulator.Build.0 = Debug|Any CPU
		{FAF4397D-075C-4FC9-ADE7-B03A9E60F60E}.Debug|iPhoneSimulator.Deploy.0 = Debug|Any CPU
		{FAF4397D-075C-4FC9-ADE7-B03A9E60F60E}.Debug|x64.ActiveCfg = Debug|Any CPU
		{FAF4397D-075C-4FC9-ADE7-B03A9E60F60E}.Debug|x64.Build.0 = Debug|Any CPU
		{FAF4397D-075C-4FC9-ADE7-B03A9E60F60E}.Debug|x64.Deploy.0 = Debug|Any CPU
		{FAF4397D-075C-4FC9-ADE7-B03A9E60F60E}.Debug|x86.ActiveCfg = Debug|Any CPU
		{FAF4397D-075C-4FC9-ADE7-B03A9E60F60E}.Debug|x86.Build.0 = Debug|Any CPU
		{FAF4397D-075C-4FC9-ADE7-B03A9E60F60E}.Debug|x86.Deploy.0 = Debug|Any CPU
		{FAF4397D-075C-4FC9-ADE7-B03A9E60F60E}.Release|Any CPU.ActiveCfg = Release|Any CPU
		{FAF4397D-075C-4FC9-ADE7-B03A9E60F60E}.Release|Any CPU.Build.0 = Release|Any CPU
		{FAF4397D-075C-4FC9-ADE7-B03A9E60F60E}.Release|Any CPU.Deploy.0 = Release|Any CPU
		{FAF4397D-075C-4FC9-ADE7-B03A9E60F60E}.Release|ARM.ActiveCfg = Release|Any CPU
		{FAF4397D-075C-4FC9-ADE7-B03A9E60F60E}.Release|ARM.Build.0 = Release|Any CPU
		{FAF4397D-075C-4FC9-ADE7-B03A9E60F60E}.Release|ARM.Deploy.0 = Release|Any CPU
		{FAF4397D-075C-4FC9-ADE7-B03A9E60F60E}.Release|iPhone.ActiveCfg = Release|Any CPU
		{FAF4397D-075C-4FC9-ADE7-B03A9E60F60E}.Release|iPhone.Build.0 = Release|Any CPU
		{FAF4397D-075C-4FC9-ADE7-B03A9E60F60E}.Release|iPhone.Deploy.0 = Release|Any CPU
		{FAF4397D-075C-4FC9-ADE7-B03A9E60F60E}.Release|iPhoneSimulator.ActiveCfg = Release|Any CPU
		{FAF4397D-075C-4FC9-ADE7-B03A9E60F60E}.Release|iPhoneSimulator.Build.0 = Release|Any CPU
		{FAF4397D-075C-4FC9-ADE7-B03A9E60F60E}.Release|iPhoneSimulator.Deploy.0 = Release|Any CPU
		{FAF4397D-075C-4FC9-ADE7-B03A9E60F60E}.Release|x64.ActiveCfg = Release|Any CPU
		{FAF4397D-075C-4FC9-ADE7-B03A9E60F60E}.Release|x64.Build.0 = Release|Any CPU
		{FAF4397D-075C-4FC9-ADE7-B03A9E60F60E}.Release|x64.Deploy.0 = Release|Any CPU
		{FAF4397D-075C-4FC9-ADE7-B03A9E60F60E}.Release|x86.ActiveCfg = Release|Any CPU
		{FAF4397D-075C-4FC9-ADE7-B03A9E60F60E}.Release|x86.Build.0 = Release|Any CPU
		{FAF4397D-075C-4FC9-ADE7-B03A9E60F60E}.Release|x86.Deploy.0 = Release|Any CPU
		{81D93902-B645-4006-8885-C17557EAADA5}.Ad-Hoc|Any CPU.ActiveCfg = Ad-Hoc|iPhone
		{81D93902-B645-4006-8885-C17557EAADA5}.Ad-Hoc|ARM.ActiveCfg = Ad-Hoc|iPhone
		{81D93902-B645-4006-8885-C17557EAADA5}.Ad-Hoc|iPhone.ActiveCfg = Ad-Hoc|iPhone
		{81D93902-B645-4006-8885-C17557EAADA5}.Ad-Hoc|iPhone.Build.0 = Ad-Hoc|iPhone
		{81D93902-B645-4006-8885-C17557EAADA5}.Ad-Hoc|iPhoneSimulator.ActiveCfg = Ad-Hoc|iPhoneSimulator
		{81D93902-B645-4006-8885-C17557EAADA5}.Ad-Hoc|iPhoneSimulator.Build.0 = Ad-Hoc|iPhoneSimulator
		{81D93902-B645-4006-8885-C17557EAADA5}.Ad-Hoc|x64.ActiveCfg = Ad-Hoc|iPhone
		{81D93902-B645-4006-8885-C17557EAADA5}.Ad-Hoc|x86.ActiveCfg = Ad-Hoc|iPhone
		{81D93902-B645-4006-8885-C17557EAADA5}.AppStore|Any CPU.ActiveCfg = AppStore|iPhone
		{81D93902-B645-4006-8885-C17557EAADA5}.AppStore|ARM.ActiveCfg = AppStore|iPhone
		{81D93902-B645-4006-8885-C17557EAADA5}.AppStore|iPhone.ActiveCfg = AppStore|iPhone
		{81D93902-B645-4006-8885-C17557EAADA5}.AppStore|iPhone.Build.0 = AppStore|iPhone
		{81D93902-B645-4006-8885-C17557EAADA5}.AppStore|iPhoneSimulator.ActiveCfg = AppStore|iPhoneSimulator
		{81D93902-B645-4006-8885-C17557EAADA5}.AppStore|iPhoneSimulator.Build.0 = AppStore|iPhoneSimulator
		{81D93902-B645-4006-8885-C17557EAADA5}.AppStore|x64.ActiveCfg = AppStore|iPhone
		{81D93902-B645-4006-8885-C17557EAADA5}.AppStore|x86.ActiveCfg = AppStore|iPhone
		{81D93902-B645-4006-8885-C17557EAADA5}.Debug|Any CPU.ActiveCfg = Debug|iPhone
		{81D93902-B645-4006-8885-C17557EAADA5}.Debug|ARM.ActiveCfg = Debug|iPhone
		{81D93902-B645-4006-8885-C17557EAADA5}.Debug|iPhone.ActiveCfg = Debug|iPhone
		{81D93902-B645-4006-8885-C17557EAADA5}.Debug|iPhone.Build.0 = Debug|iPhone
		{81D93902-B645-4006-8885-C17557EAADA5}.Debug|iPhoneSimulator.ActiveCfg = Debug|iPhoneSimulator
		{81D93902-B645-4006-8885-C17557EAADA5}.Debug|iPhoneSimulator.Build.0 = Debug|iPhoneSimulator
		{81D93902-B645-4006-8885-C17557EAADA5}.Debug|x64.ActiveCfg = Debug|iPhone
		{81D93902-B645-4006-8885-C17557EAADA5}.Debug|x86.ActiveCfg = Debug|iPhone
		{81D93902-B645-4006-8885-C17557EAADA5}.Release|Any CPU.ActiveCfg = Release|iPhone
		{81D93902-B645-4006-8885-C17557EAADA5}.Release|ARM.ActiveCfg = Release|iPhone
		{81D93902-B645-4006-8885-C17557EAADA5}.Release|iPhone.ActiveCfg = Release|iPhone
		{81D93902-B645-4006-8885-C17557EAADA5}.Release|iPhone.Build.0 = Release|iPhone
		{81D93902-B645-4006-8885-C17557EAADA5}.Release|iPhoneSimulator.ActiveCfg = Release|iPhoneSimulator
		{81D93902-B645-4006-8885-C17557EAADA5}.Release|iPhoneSimulator.Build.0 = Release|iPhoneSimulator
		{81D93902-B645-4006-8885-C17557EAADA5}.Release|x64.ActiveCfg = Release|iPhone
		{81D93902-B645-4006-8885-C17557EAADA5}.Release|x86.ActiveCfg = Release|iPhone
		{19254CCB-A14B-49DE-8226-C082667219DB}.Ad-Hoc|Any CPU.ActiveCfg = Release|x86
		{19254CCB-A14B-49DE-8226-C082667219DB}.Ad-Hoc|Any CPU.Build.0 = Release|x86
		{19254CCB-A14B-49DE-8226-C082667219DB}.Ad-Hoc|Any CPU.Deploy.0 = Release|x86
		{19254CCB-A14B-49DE-8226-C082667219DB}.Ad-Hoc|ARM.ActiveCfg = Release|ARM
		{19254CCB-A14B-49DE-8226-C082667219DB}.Ad-Hoc|ARM.Build.0 = Release|ARM
		{19254CCB-A14B-49DE-8226-C082667219DB}.Ad-Hoc|ARM.Deploy.0 = Release|ARM
		{19254CCB-A14B-49DE-8226-C082667219DB}.Ad-Hoc|iPhone.ActiveCfg = Release|x86
		{19254CCB-A14B-49DE-8226-C082667219DB}.Ad-Hoc|iPhone.Build.0 = Release|x86
		{19254CCB-A14B-49DE-8226-C082667219DB}.Ad-Hoc|iPhone.Deploy.0 = Release|x86
		{19254CCB-A14B-49DE-8226-C082667219DB}.Ad-Hoc|iPhoneSimulator.ActiveCfg = Release|x86
		{19254CCB-A14B-49DE-8226-C082667219DB}.Ad-Hoc|iPhoneSimulator.Build.0 = Release|x86
		{19254CCB-A14B-49DE-8226-C082667219DB}.Ad-Hoc|iPhoneSimulator.Deploy.0 = Release|x86
		{19254CCB-A14B-49DE-8226-C082667219DB}.Ad-Hoc|x64.ActiveCfg = Release|x64
		{19254CCB-A14B-49DE-8226-C082667219DB}.Ad-Hoc|x64.Build.0 = Release|x64
		{19254CCB-A14B-49DE-8226-C082667219DB}.Ad-Hoc|x64.Deploy.0 = Release|x64
		{19254CCB-A14B-49DE-8226-C082667219DB}.Ad-Hoc|x86.ActiveCfg = Release|x86
		{19254CCB-A14B-49DE-8226-C082667219DB}.Ad-Hoc|x86.Build.0 = Release|x86
		{19254CCB-A14B-49DE-8226-C082667219DB}.Ad-Hoc|x86.Deploy.0 = Release|x86
		{19254CCB-A14B-49DE-8226-C082667219DB}.AppStore|Any CPU.ActiveCfg = Release|x86
		{19254CCB-A14B-49DE-8226-C082667219DB}.AppStore|Any CPU.Build.0 = Release|x86
		{19254CCB-A14B-49DE-8226-C082667219DB}.AppStore|Any CPU.Deploy.0 = Release|x86
		{19254CCB-A14B-49DE-8226-C082667219DB}.AppStore|ARM.ActiveCfg = Release|ARM
		{19254CCB-A14B-49DE-8226-C082667219DB}.AppStore|ARM.Build.0 = Release|ARM
		{19254CCB-A14B-49DE-8226-C082667219DB}.AppStore|ARM.Deploy.0 = Release|ARM
		{19254CCB-A14B-49DE-8226-C082667219DB}.AppStore|iPhone.ActiveCfg = Release|x86
		{19254CCB-A14B-49DE-8226-C082667219DB}.AppStore|iPhone.Build.0 = Release|x86
		{19254CCB-A14B-49DE-8226-C082667219DB}.AppStore|iPhone.Deploy.0 = Release|x86
		{19254CCB-A14B-49DE-8226-C082667219DB}.AppStore|iPhoneSimulator.ActiveCfg = Release|x86
		{19254CCB-A14B-49DE-8226-C082667219DB}.AppStore|iPhoneSimulator.Build.0 = Release|x86
		{19254CCB-A14B-49DE-8226-C082667219DB}.AppStore|iPhoneSimulator.Deploy.0 = Release|x86
		{19254CCB-A14B-49DE-8226-C082667219DB}.AppStore|x64.ActiveCfg = Release|x64
		{19254CCB-A14B-49DE-8226-C082667219DB}.AppStore|x64.Build.0 = Release|x64
		{19254CCB-A14B-49DE-8226-C082667219DB}.AppStore|x64.Deploy.0 = Release|x64
		{19254CCB-A14B-49DE-8226-C082667219DB}.AppStore|x86.ActiveCfg = Release|x86
		{19254CCB-A14B-49DE-8226-C082667219DB}.AppStore|x86.Build.0 = Release|x86
		{19254CCB-A14B-49DE-8226-C082667219DB}.AppStore|x86.Deploy.0 = Release|x86
		{19254CCB-A14B-49DE-8226-C082667219DB}.Debug|Any CPU.ActiveCfg = Debug|x86
		{19254CCB-A14B-49DE-8226-C082667219DB}.Debug|ARM.ActiveCfg = Debug|ARM
		{19254CCB-A14B-49DE-8226-C082667219DB}.Debug|ARM.Build.0 = Debug|ARM
		{19254CCB-A14B-49DE-8226-C082667219DB}.Debug|ARM.Deploy.0 = Debug|ARM
		{19254CCB-A14B-49DE-8226-C082667219DB}.Debug|iPhone.ActiveCfg = Debug|x86
		{19254CCB-A14B-49DE-8226-C082667219DB}.Debug|iPhoneSimulator.ActiveCfg = Debug|x86
		{19254CCB-A14B-49DE-8226-C082667219DB}.Debug|x64.ActiveCfg = Debug|x64
		{19254CCB-A14B-49DE-8226-C082667219DB}.Debug|x64.Build.0 = Debug|x64
		{19254CCB-A14B-49DE-8226-C082667219DB}.Debug|x64.Deploy.0 = Debug|x64
		{19254CCB-A14B-49DE-8226-C082667219DB}.Debug|x86.ActiveCfg = Debug|x86
		{19254CCB-A14B-49DE-8226-C082667219DB}.Debug|x86.Build.0 = Debug|x86
		{19254CCB-A14B-49DE-8226-C082667219DB}.Debug|x86.Deploy.0 = Debug|x86
		{19254CCB-A14B-49DE-8226-C082667219DB}.Release|Any CPU.ActiveCfg = Release|x86
		{19254CCB-A14B-49DE-8226-C082667219DB}.Release|ARM.ActiveCfg = Release|ARM
		{19254CCB-A14B-49DE-8226-C082667219DB}.Release|ARM.Build.0 = Release|ARM
		{19254CCB-A14B-49DE-8226-C082667219DB}.Release|ARM.Deploy.0 = Release|ARM
		{19254CCB-A14B-49DE-8226-C082667219DB}.Release|iPhone.ActiveCfg = Release|x86
		{19254CCB-A14B-49DE-8226-C082667219DB}.Release|iPhoneSimulator.ActiveCfg = Release|x86
		{19254CCB-A14B-49DE-8226-C082667219DB}.Release|x64.ActiveCfg = Release|x64
		{19254CCB-A14B-49DE-8226-C082667219DB}.Release|x64.Build.0 = Release|x64
		{19254CCB-A14B-49DE-8226-C082667219DB}.Release|x64.Deploy.0 = Release|x64
		{19254CCB-A14B-49DE-8226-C082667219DB}.Release|x86.ActiveCfg = Release|x86
		{19254CCB-A14B-49DE-8226-C082667219DB}.Release|x86.Build.0 = Release|x86
		{19254CCB-A14B-49DE-8226-C082667219DB}.Release|x86.Deploy.0 = Release|x86
	EndGlobalSection
	GlobalSection(SolutionProperties) = preSolution
		HideSolutionNode = FALSE
	EndGlobalSection
EndGlobal
